
Microsoft Visual Studio Solution File, Format Version 12.00
# Visual Studio Version 17
VisualStudioVersion = 17.13.35931.197
MinimumVisualStudioVersion = 10.0.40219.1
Project("{2150E333-8FDC-42A3-9474-1A3956D46DE8}") = "Frontend", "Frontend", "{02EA681E-C7D8-13C7-8484-4AC65E1B71E8}"
EndProject
Project("{2150E333-8FDC-42A3-9474-1A3956D46DE8}") = "Gateway", "Gateway", "{4DD7F378-C084-4AAB-B8ED-7EE5FCE39F76}"
EndProject
Project("{2150E333-8FDC-42A3-9474-1A3956D46DE8}") = "Integration", "Integration", "{425F3D6A-CDC1-44AD-8377-BBB1B5F909CB}"
EndProject
Project("{2150E333-8FDC-42A3-9474-1A3956D46DE8}") = "Services", "Services", "{5DFD7CDC-82F8-4421-BA22-290CA963CB04}"
EndProject
Project("{FAE04EC0-301F-11D3-BF4B-00C04F79EFBC}") = "Mango.Services.CouponAPI", "Mango.Services.CouponAPI\Mango.Services.CouponAPI.csproj", "{441D078A-D09B-4D46-9D7D-B6CB111BAE71}"
EndProject
Project("{FAE04EC0-301F-11D3-BF4B-00C04F79EFBC}") = "Mango.Web", "Mango.Web\Mango.Web.csproj", "{8BB65814-DB9A-4086-853B-EF6C8C989843}"
EndProject
Project("{FAE04EC0-301F-11D3-BF4B-00C04F79EFBC}") = "Mango.Services.AuthAPI", "Mango.Services.AuthAPI\Mango.Services.AuthAPI.csproj", "{CC442C50-FCAD-4EBA-8B6D-50BE1E62C310}"
EndProject
Project("{FAE04EC0-301F-11D3-BF4B-00C04F79EFBC}") = "Mango.Services.ProductAPI", "Mango.Services.ProductAPI\Mango.Services.ProductAPI.csproj", "{73283704-AF56-486B-8C3B-D17BD2CAA59E}"
EndProject
Project("{FAE04EC0-301F-11D3-BF4B-00C04F79EFBC}") = "Mango.Services.ShoppingCartAPI", "Mango.Services.ShoppingCartAPI\Mango.Services.ShoppingCartAPI.csproj", "{5FCB7C2E-BDAF-4562-B183-72E277A1AAD0}"
EndProject
Global
	GlobalSection(SolutionConfigurationPlatforms) = preSolution
		Debug|Any CPU = Debug|Any CPU
		Release|Any CPU = Release|Any CPU
	EndGlobalSection
	GlobalSection(ProjectConfigurationPlatforms) = postSolution
		{441D078A-D09B-4D46-9D7D-B6CB111BAE71}.Debug|Any CPU.ActiveCfg = Debug|Any CPU
		{441D078A-D09B-4D46-9D7D-B6CB111BAE71}.Debug|Any CPU.Build.0 = Debug|Any CPU
		{441D078A-D09B-4D46-9D7D-B6CB111BAE71}.Release|Any CPU.ActiveCfg = Release|Any CPU
		{441D078A-D09B-4D46-9D7D-B6CB111BAE71}.Release|Any CPU.Build.0 = Release|Any CPU
		{8BB65814-DB9A-4086-853B-EF6C8C989843}.Debug|Any CPU.ActiveCfg = Debug|Any CPU
		{8BB65814-DB9A-4086-853B-EF6C8C989843}.Debug|Any CPU.Build.0 = Debug|Any CPU
		{8BB65814-DB9A-4086-853B-EF6C8C989843}.Release|Any CPU.ActiveCfg = Release|Any CPU
		{8BB65814-DB9A-4086-853B-EF6C8C989843}.Release|Any CPU.Build.0 = Release|Any CPU
		{CC442C50-FCAD-4EBA-8B6D-50BE1E62C310}.Debug|Any CPU.ActiveCfg = Debug|Any CPU
		{CC442C50-FCAD-4EBA-8B6D-50BE1E62C310}.Debug|Any CPU.Build.0 = Debug|Any CPU
		{CC442C50-FCAD-4EBA-8B6D-50BE1E62C310}.Release|Any CPU.ActiveCfg = Release|Any CPU
		{CC442C50-FCAD-4EBA-8B6D-50BE1E62C310}.Release|Any CPU.Build.0 = Release|Any CPU
		{73283704-AF56-486B-8C3B-D17BD2CAA59E}.Debug|Any CPU.ActiveCfg = Debug|Any CPU
		{73283704-AF56-486B-8C3B-D17BD2CAA59E}.Debug|Any CPU.Build.0 = Debug|Any CPU
		{73283704-AF56-486B-8C3B-D17BD2CAA59E}.Release|Any CPU.ActiveCfg = Release|Any CPU
		{73283704-AF56-486B-8C3B-D17BD2CAA59E}.Release|Any CPU.Build.0 = Release|Any CPU
		{5FCB7C2E-BDAF-4562-B183-72E277A1AAD0}.Debug|Any CPU.ActiveCfg = Debug|Any CPU
		{5FCB7C2E-BDAF-4562-B183-72E277A1AAD0}.Debug|Any CPU.Build.0 = Debug|Any CPU
		{5FCB7C2E-BDAF-4562-B183-72E277A1AAD0}.Release|Any CPU.ActiveCfg = Release|Any CPU
		{5FCB7C2E-BDAF-4562-B183-72E277A1AAD0}.Release|Any CPU.Build.0 = Release|Any CPU
	EndGlobalSection
	GlobalSection(SolutionProperties) = preSolution
		HideSolutionNode = FALSE
	EndGlobalSection
	GlobalSection(NestedProjects) = preSolution
		{441D078A-D09B-4D46-9D7D-B6CB111BAE71} = {5DFD7CDC-82F8-4421-BA22-290CA963CB04}
		{8BB65814-DB9A-4086-853B-EF6C8C989843} = {02EA681E-C7D8-13C7-8484-4AC65E1B71E8}
		{CC442C50-FCAD-4EBA-8B6D-50BE1E62C310} = {5DFD7CDC-82F8-4421-BA22-290CA963CB04}
		{73283704-AF56-486B-8C3B-D17BD2CAA59E} = {5DFD7CDC-82F8-4421-BA22-290CA963CB04}
		{5FCB7C2E-BDAF-4562-B183-72E277A1AAD0} = {5DFD7CDC-82F8-4421-BA22-290CA963CB04}
	EndGlobalSection
	GlobalSection(ExtensibilityGlobals) = postSolution
		SolutionGuid = {1C35A165-2611-4054-B949-7CE65BF31A2E}
	EndGlobalSection
EndGlobal
